
Microsoft Visual Studio Solution File, Format Version 12.00
# Visual Studio 2013
VisualStudioVersion = 12.0.31101.0
MinimumVisualStudioVersion = 10.0.40219.1
Project("{FAE04EC0-301F-11D3-BF4B-00C04F79EFBC}") = "Core.Common", "Core.Common\Core.Common.csproj", "{801CE813-D556-4E4D-8CE4-2E57970BC1CB}"
EndProject
Project("{FAE04EC0-301F-11D3-BF4B-00C04F79EFBC}") = "Core.DataAccess", "Core.DataAccess\Core.DataAccess.csproj", "{FA2C7B25-1F8A-4EF4-84BA-4476E17DF2AD}"
EndProject
Project("{FAE04EC0-301F-11D3-BF4B-00C04F79EFBC}") = "Blogging.DbModel", "Blogging.DbModel\Blogging.DbModel.csproj", "{485CD40D-A21E-4BEB-9558-7A21CADD875F}"
EndProject
Project("{FAE04EC0-301F-11D3-BF4B-00C04F79EFBC}") = "Blogging.Business", "Blogging.Business\Blogging.Business.csproj", "{4B629C72-3E23-4276-8D91-E0ED9AAC7E84}"
EndProject
Project("{FAE04EC0-301F-11D3-BF4B-00C04F79EFBC}") = "Web", "Web\Web.csproj", "{89649D06-B037-4781-9EDC-AE0AA7DA1D2F}"
EndProject
Project("{FAE04EC0-301F-11D3-BF4B-00C04F79EFBC}") = "Core.Business", "Core.Business\Core.Business.csproj", "{E2FA6663-442F-4C5D-9AF4-1193F9E7B1BF}"
EndProject
Project("{FAE04EC0-301F-11D3-BF4B-00C04F79EFBC}") = "Blogging.Web", "Blogging.Web\Blogging.Web.csproj", "{DFC8ED1B-8118-4906-A3CA-5E334A982CE4}"
EndProject
Project("{FAE04EC0-301F-11D3-BF4B-00C04F79EFBC}") = "Core.Web", "Core.Web\Core.Web.csproj", "{D692CF1F-9F39-4B86-AF9F-31AA0C5D40A5}"
EndProject
Global
	GlobalSection(SolutionConfigurationPlatforms) = preSolution
		Debug|Any CPU = Debug|Any CPU
		Release|Any CPU = Release|Any CPU
	EndGlobalSection
	GlobalSection(ProjectConfigurationPlatforms) = postSolution
		{801CE813-D556-4E4D-8CE4-2E57970BC1CB}.Debug|Any CPU.ActiveCfg = Debug|Any CPU
		{801CE813-D556-4E4D-8CE4-2E57970BC1CB}.Debug|Any CPU.Build.0 = Debug|Any CPU
		{801CE813-D556-4E4D-8CE4-2E57970BC1CB}.Release|Any CPU.ActiveCfg = Release|Any CPU
		{801CE813-D556-4E4D-8CE4-2E57970BC1CB}.Release|Any CPU.Build.0 = Release|Any CPU
		{FA2C7B25-1F8A-4EF4-84BA-4476E17DF2AD}.Debug|Any CPU.ActiveCfg = Debug|Any CPU
		{FA2C7B25-1F8A-4EF4-84BA-4476E17DF2AD}.Debug|Any CPU.Build.0 = Debug|Any CPU
		{FA2C7B25-1F8A-4EF4-84BA-4476E17DF2AD}.Release|Any CPU.ActiveCfg = Release|Any CPU
		{FA2C7B25-1F8A-4EF4-84BA-4476E17DF2AD}.Release|Any CPU.Build.0 = Release|Any CPU
		{485CD40D-A21E-4BEB-9558-7A21CADD875F}.Debug|Any CPU.ActiveCfg = Debug|Any CPU
		{485CD40D-A21E-4BEB-9558-7A21CADD875F}.Debug|Any CPU.Build.0 = Debug|Any CPU
		{485CD40D-A21E-4BEB-9558-7A21CADD875F}.Release|Any CPU.ActiveCfg = Release|Any CPU
		{485CD40D-A21E-4BEB-9558-7A21CADD875F}.Release|Any CPU.Build.0 = Release|Any CPU
		{4B629C72-3E23-4276-8D91-E0ED9AAC7E84}.Debug|Any CPU.ActiveCfg = Debug|Any CPU
		{4B629C72-3E23-4276-8D91-E0ED9AAC7E84}.Debug|Any CPU.Build.0 = Debug|Any CPU
		{4B629C72-3E23-4276-8D91-E0ED9AAC7E84}.Release|Any CPU.ActiveCfg = Release|Any CPU
		{4B629C72-3E23-4276-8D91-E0ED9AAC7E84}.Release|Any CPU.Build.0 = Release|Any CPU
		{89649D06-B037-4781-9EDC-AE0AA7DA1D2F}.Debug|Any CPU.ActiveCfg = Debug|Any CPU
		{89649D06-B037-4781-9EDC-AE0AA7DA1D2F}.Debug|Any CPU.Build.0 = Debug|Any CPU
		{89649D06-B037-4781-9EDC-AE0AA7DA1D2F}.Release|Any CPU.ActiveCfg = Release|Any CPU
		{89649D06-B037-4781-9EDC-AE0AA7DA1D2F}.Release|Any CPU.Build.0 = Release|Any CPU
		{E2FA6663-442F-4C5D-9AF4-1193F9E7B1BF}.Debug|Any CPU.ActiveCfg = Debug|Any CPU
		{E2FA6663-442F-4C5D-9AF4-1193F9E7B1BF}.Debug|Any CPU.Build.0 = Debug|Any CPU
		{E2FA6663-442F-4C5D-9AF4-1193F9E7B1BF}.Release|Any CPU.ActiveCfg = Release|Any CPU
		{E2FA6663-442F-4C5D-9AF4-1193F9E7B1BF}.Release|Any CPU.Build.0 = Release|Any CPU
		{DFC8ED1B-8118-4906-A3CA-5E334A982CE4}.Debug|Any CPU.ActiveCfg = Debug|Any CPU
		{DFC8ED1B-8118-4906-A3CA-5E334A982CE4}.Debug|Any CPU.Build.0 = Debug|Any CPU
		{DFC8ED1B-8118-4906-A3CA-5E334A982CE4}.Release|Any CPU.ActiveCfg = Release|Any CPU
		{DFC8ED1B-8118-4906-A3CA-5E334A982CE4}.Release|Any CPU.Build.0 = Release|Any CPU
		{D692CF1F-9F39-4B86-AF9F-31AA0C5D40A5}.Debug|Any CPU.ActiveCfg = Debug|Any CPU
		{D692CF1F-9F39-4B86-AF9F-31AA0C5D40A5}.Debug|Any CPU.Build.0 = Debug|Any CPU
		{D692CF1F-9F39-4B86-AF9F-31AA0C5D40A5}.Release|Any CPU.ActiveCfg = Release|Any CPU
		{D692CF1F-9F39-4B86-AF9F-31AA0C5D40A5}.Release|Any CPU.Build.0 = Release|Any CPU
	EndGlobalSection
	GlobalSection(SolutionProperties) = preSolution
		HideSolutionNode = FALSE
	EndGlobalSection
EndGlobal
