
Microsoft Visual Studio Solution File, Format Version 12.00
# Visual Studio 2013
VisualStudioVersion = 12.0.30501.0
MinimumVisualStudioVersion = 10.0.40219.1
Project("{FAE04EC0-301F-11D3-BF4B-00C04F79EFBC}") = "RepositoryPattern", "RepositoryPattern\RepositoryPattern.csproj", "{6E682A14-C872-4813-B620-76E108DEA683}"
EndProject
Project("{FAE04EC0-301F-11D3-BF4B-00C04F79EFBC}") = "Utilities", "Utilities\Utilities.csproj", "{B5D64529-C1CA-481F-AD50-5467B59BCEA2}"
EndProject
Project("{2150E333-8FDC-42A3-9474-1A3956D46DE8}") = "Sample", "Sample", "{2D74D5D9-9894-41FB-B348-F2FBDF17D849}"
EndProject
Project("{FAE04EC0-301F-11D3-BF4B-00C04F79EFBC}") = "DataAccess", "DataAccess\DataAccess.csproj", "{A2479CF6-51B7-4E19-A0C7-2B232D52F5AF}"
EndProject
Project("{FAE04EC0-301F-11D3-BF4B-00C04F79EFBC}") = "Business", "Business\Business.csproj", "{E7F30652-D0D6-44B8-A594-D004121E3F40}"
EndProject
Project("{FAE04EC0-301F-11D3-BF4B-00C04F79EFBC}") = "Service", "Service\Service.csproj", "{FB781E97-DF89-42AB-9A03-62DB94902518}"
EndProject
Project("{FAE04EC0-301F-11D3-BF4B-00C04F79EFBC}") = "Common", "Common\Common.csproj", "{82E01549-24AC-44F0-B1C5-D26EDD0EEB99}"
EndProject
Project("{FAE04EC0-301F-11D3-BF4B-00C04F79EFBC}") = "WinApp", "WinApp\WinApp.csproj", "{3318FA7D-2F8E-4A9A-A0DB-78444F45D276}"
EndProject
Project("{FAE04EC0-301F-11D3-BF4B-00C04F79EFBC}") = "WebApp", "WebApp\WebApp.csproj", "{5447DB25-6463-44B1-AB65-60AA91CC597F}"
EndProject
Project("{FAE04EC0-301F-11D3-BF4B-00C04F79EFBC}") = "App", "App\App.csproj", "{B5542217-3257-4F7E-B255-BF25C583F6FF}"
EndProject
Global
	GlobalSection(SolutionConfigurationPlatforms) = preSolution
		Debug|Any CPU = Debug|Any CPU
		Debug|x86 = Debug|x86
		Release|Any CPU = Release|Any CPU
		Release|x86 = Release|x86
	EndGlobalSection
	GlobalSection(ProjectConfigurationPlatforms) = postSolution
		{6E682A14-C872-4813-B620-76E108DEA683}.Debug|Any CPU.ActiveCfg = Debug|Any CPU
		{6E682A14-C872-4813-B620-76E108DEA683}.Debug|Any CPU.Build.0 = Debug|Any CPU
		{6E682A14-C872-4813-B620-76E108DEA683}.Debug|x86.ActiveCfg = Debug|x86
		{6E682A14-C872-4813-B620-76E108DEA683}.Debug|x86.Build.0 = Debug|x86
		{6E682A14-C872-4813-B620-76E108DEA683}.Release|Any CPU.ActiveCfg = Release|Any CPU
		{6E682A14-C872-4813-B620-76E108DEA683}.Release|Any CPU.Build.0 = Release|Any CPU
		{6E682A14-C872-4813-B620-76E108DEA683}.Release|x86.ActiveCfg = Release|x86
		{6E682A14-C872-4813-B620-76E108DEA683}.Release|x86.Build.0 = Release|x86
		{B5D64529-C1CA-481F-AD50-5467B59BCEA2}.Debug|Any CPU.ActiveCfg = Debug|Any CPU
		{B5D64529-C1CA-481F-AD50-5467B59BCEA2}.Debug|Any CPU.Build.0 = Debug|Any CPU
		{B5D64529-C1CA-481F-AD50-5467B59BCEA2}.Debug|x86.ActiveCfg = Debug|Any CPU
		{B5D64529-C1CA-481F-AD50-5467B59BCEA2}.Release|Any CPU.ActiveCfg = Release|Any CPU
		{B5D64529-C1CA-481F-AD50-5467B59BCEA2}.Release|Any CPU.Build.0 = Release|Any CPU
		{B5D64529-C1CA-481F-AD50-5467B59BCEA2}.Release|x86.ActiveCfg = Release|Any CPU
		{A2479CF6-51B7-4E19-A0C7-2B232D52F5AF}.Debug|Any CPU.ActiveCfg = Debug|Any CPU
		{A2479CF6-51B7-4E19-A0C7-2B232D52F5AF}.Debug|Any CPU.Build.0 = Debug|Any CPU
		{A2479CF6-51B7-4E19-A0C7-2B232D52F5AF}.Debug|x86.ActiveCfg = Debug|Any CPU
		{A2479CF6-51B7-4E19-A0C7-2B232D52F5AF}.Release|Any CPU.ActiveCfg = Release|Any CPU
		{A2479CF6-51B7-4E19-A0C7-2B232D52F5AF}.Release|Any CPU.Build.0 = Release|Any CPU
		{A2479CF6-51B7-4E19-A0C7-2B232D52F5AF}.Release|x86.ActiveCfg = Release|Any CPU
		{E7F30652-D0D6-44B8-A594-D004121E3F40}.Debug|Any CPU.ActiveCfg = Debug|Any CPU
		{E7F30652-D0D6-44B8-A594-D004121E3F40}.Debug|Any CPU.Build.0 = Debug|Any CPU
		{E7F30652-D0D6-44B8-A594-D004121E3F40}.Debug|x86.ActiveCfg = Debug|Any CPU
		{E7F30652-D0D6-44B8-A594-D004121E3F40}.Release|Any CPU.ActiveCfg = Release|Any CPU
		{E7F30652-D0D6-44B8-A594-D004121E3F40}.Release|Any CPU.Build.0 = Release|Any CPU
		{E7F30652-D0D6-44B8-A594-D004121E3F40}.Release|x86.ActiveCfg = Release|Any CPU
		{FB781E97-DF89-42AB-9A03-62DB94902518}.Debug|Any CPU.ActiveCfg = Debug|Any CPU
		{FB781E97-DF89-42AB-9A03-62DB94902518}.Debug|Any CPU.Build.0 = Debug|Any CPU
		{FB781E97-DF89-42AB-9A03-62DB94902518}.Debug|x86.ActiveCfg = Debug|Any CPU
		{FB781E97-DF89-42AB-9A03-62DB94902518}.Release|Any CPU.ActiveCfg = Release|Any CPU
		{FB781E97-DF89-42AB-9A03-62DB94902518}.Release|Any CPU.Build.0 = Release|Any CPU
		{FB781E97-DF89-42AB-9A03-62DB94902518}.Release|x86.ActiveCfg = Release|Any CPU
		{82E01549-24AC-44F0-B1C5-D26EDD0EEB99}.Debug|Any CPU.ActiveCfg = Debug|Any CPU
		{82E01549-24AC-44F0-B1C5-D26EDD0EEB99}.Debug|Any CPU.Build.0 = Debug|Any CPU
		{82E01549-24AC-44F0-B1C5-D26EDD0EEB99}.Debug|x86.ActiveCfg = Debug|Any CPU
		{82E01549-24AC-44F0-B1C5-D26EDD0EEB99}.Release|Any CPU.ActiveCfg = Release|Any CPU
		{82E01549-24AC-44F0-B1C5-D26EDD0EEB99}.Release|Any CPU.Build.0 = Release|Any CPU
		{82E01549-24AC-44F0-B1C5-D26EDD0EEB99}.Release|x86.ActiveCfg = Release|Any CPU
		{3318FA7D-2F8E-4A9A-A0DB-78444F45D276}.Debug|Any CPU.ActiveCfg = Debug|Any CPU
		{3318FA7D-2F8E-4A9A-A0DB-78444F45D276}.Debug|Any CPU.Build.0 = Debug|Any CPU
		{3318FA7D-2F8E-4A9A-A0DB-78444F45D276}.Debug|x86.ActiveCfg = Debug|Any CPU
		{3318FA7D-2F8E-4A9A-A0DB-78444F45D276}.Release|Any CPU.ActiveCfg = Release|Any CPU
		{3318FA7D-2F8E-4A9A-A0DB-78444F45D276}.Release|Any CPU.Build.0 = Release|Any CPU
		{3318FA7D-2F8E-4A9A-A0DB-78444F45D276}.Release|x86.ActiveCfg = Release|Any CPU
		{5447DB25-6463-44B1-AB65-60AA91CC597F}.Debug|Any CPU.ActiveCfg = Debug|Any CPU
		{5447DB25-6463-44B1-AB65-60AA91CC597F}.Debug|Any CPU.Build.0 = Debug|Any CPU
		{5447DB25-6463-44B1-AB65-60AA91CC597F}.Debug|x86.ActiveCfg = Debug|Any CPU
		{5447DB25-6463-44B1-AB65-60AA91CC597F}.Release|Any CPU.ActiveCfg = Release|Any CPU
		{5447DB25-6463-44B1-AB65-60AA91CC597F}.Release|Any CPU.Build.0 = Release|Any CPU
		{5447DB25-6463-44B1-AB65-60AA91CC597F}.Release|x86.ActiveCfg = Release|Any CPU
		{B5542217-3257-4F7E-B255-BF25C583F6FF}.Debug|Any CPU.ActiveCfg = Debug|Any CPU
		{B5542217-3257-4F7E-B255-BF25C583F6FF}.Debug|Any CPU.Build.0 = Debug|Any CPU
		{B5542217-3257-4F7E-B255-BF25C583F6FF}.Debug|x86.ActiveCfg = Debug|Any CPU
		{B5542217-3257-4F7E-B255-BF25C583F6FF}.Release|Any CPU.ActiveCfg = Release|Any CPU
		{B5542217-3257-4F7E-B255-BF25C583F6FF}.Release|Any CPU.Build.0 = Release|Any CPU
		{B5542217-3257-4F7E-B255-BF25C583F6FF}.Release|x86.ActiveCfg = Release|Any CPU
	EndGlobalSection
	GlobalSection(SolutionProperties) = preSolution
		HideSolutionNode = FALSE
	EndGlobalSection
	GlobalSection(NestedProjects) = preSolution
		{A2479CF6-51B7-4E19-A0C7-2B232D52F5AF} = {2D74D5D9-9894-41FB-B348-F2FBDF17D849}
		{E7F30652-D0D6-44B8-A594-D004121E3F40} = {2D74D5D9-9894-41FB-B348-F2FBDF17D849}
		{FB781E97-DF89-42AB-9A03-62DB94902518} = {2D74D5D9-9894-41FB-B348-F2FBDF17D849}
		{3318FA7D-2F8E-4A9A-A0DB-78444F45D276} = {2D74D5D9-9894-41FB-B348-F2FBDF17D849}
		{5447DB25-6463-44B1-AB65-60AA91CC597F} = {2D74D5D9-9894-41FB-B348-F2FBDF17D849}
		{B5542217-3257-4F7E-B255-BF25C583F6FF} = {2D74D5D9-9894-41FB-B348-F2FBDF17D849}
	EndGlobalSection
EndGlobal
